
Microsoft Visual Studio Solution File, Format Version 12.00
# Visual Studio Version 17
VisualStudioVersion = 17.11.35327.3
MinimumVisualStudioVersion = 10.0.40219.1
Project("{9A19103F-16F7-4668-BE54-9A1E7A4F7556}") = "ProjectTesting", "ProjectTesting\ProjectTesting.csproj", "{5F8AD0D5-AA85-4E2E-A60C-03E433C91EA2}"
EndProject
Project("{9A19103F-16F7-4668-BE54-9A1E7A4F7556}") = "ProjectTesting.Tests", "ProjectTesting.Tests\ProjectTesting.Tests.csproj", "{6028467C-53E8-4CFE-859E-535B4F52F74D}"
EndProject
Project("{FAE04EC0-301F-11D3-BF4B-00C04F79EFBC}") = "ProjectTestingIntegration.Tests", "ProjectTestingIntegration.Tests\ProjectTestingIntegration.Tests.csproj", "{5864B899-B353-4523-9F51-99FD7097CDE6}"
EndProject
Global
	GlobalSection(SolutionConfigurationPlatforms) = preSolution
		Debug|Any CPU = Debug|Any CPU
		Release|Any CPU = Release|Any CPU
	EndGlobalSection
	GlobalSection(ProjectConfigurationPlatforms) = postSolution
		{5F8AD0D5-AA85-4E2E-A60C-03E433C91EA2}.Debug|Any CPU.ActiveCfg = Debug|Any CPU
		{5F8AD0D5-AA85-4E2E-A60C-03E433C91EA2}.Debug|Any CPU.Build.0 = Debug|Any CPU
		{5F8AD0D5-AA85-4E2E-A60C-03E433C91EA2}.Release|Any CPU.ActiveCfg = Release|Any CPU
		{5F8AD0D5-AA85-4E2E-A60C-03E433C91EA2}.Release|Any CPU.Build.0 = Release|Any CPU
		{6028467C-53E8-4CFE-859E-535B4F52F74D}.Debug|Any CPU.ActiveCfg = Debug|Any CPU
		{6028467C-53E8-4CFE-859E-535B4F52F74D}.Debug|Any CPU.Build.0 = Debug|Any CPU
		{6028467C-53E8-4CFE-859E-535B4F52F74D}.Release|Any CPU.ActiveCfg = Release|Any CPU
		{6028467C-53E8-4CFE-859E-535B4F52F74D}.Release|Any CPU.Build.0 = Release|Any CPU
		{5864B899-B353-4523-9F51-99FD7097CDE6}.Debug|Any CPU.ActiveCfg = Debug|Any CPU
		{5864B899-B353-4523-9F51-99FD7097CDE6}.Debug|Any CPU.Build.0 = Debug|Any CPU
		{5864B899-B353-4523-9F51-99FD7097CDE6}.Release|Any CPU.ActiveCfg = Release|Any CPU
		{5864B899-B353-4523-9F51-99FD7097CDE6}.Release|Any CPU.Build.0 = Release|Any CPU
	EndGlobalSection
	GlobalSection(SolutionProperties) = preSolution
		HideSolutionNode = FALSE
	EndGlobalSection
	GlobalSection(ExtensibilityGlobals) = postSolution
		SolutionGuid = {0ADE0766-71F6-46FE-9379-13F1FC7184DC}
	EndGlobalSection
EndGlobal
